
Microsoft Visual Studio Solution File, Format Version 12.00
# Visual Studio 2013
VisualStudioVersion = 12.0.31101.0
MinimumVisualStudioVersion = 10.0.40219.1
Project("{9092AA53-FB77-4645-B42D-1CCCA6BD08BD}") = "node-sos-client", "node-sos-client.njsproj", "{94FB8242-72BC-42E3-8A10-B4302D0B94DD}"
EndProject
Global
	GlobalSection(SolutionConfigurationPlatforms) = preSolution
		Debug|Any CPU = Debug|Any CPU
		Release|Any CPU = Release|Any CPU
	EndGlobalSection
	GlobalSection(ProjectConfigurationPlatforms) = postSolution
		{94FB8242-72BC-42E3-8A10-B4302D0B94DD}.Debug|Any CPU.ActiveCfg = Debug|Any CPU
		{94FB8242-72BC-42E3-8A10-B4302D0B94DD}.Debug|Any CPU.Build.0 = Debug|Any CPU
		{94FB8242-72BC-42E3-8A10-B4302D0B94DD}.Release|Any CPU.ActiveCfg = Release|Any CPU
		{94FB8242-72BC-42E3-8A10-B4302D0B94DD}.Release|Any CPU.Build.0 = Release|Any CPU
	EndGlobalSection
	GlobalSection(SolutionProperties) = preSolution
		HideSolutionNode = FALSE
	EndGlobalSection
EndGlobal
